
Microsoft Visual Studio Solution File, Format Version 12.00
# Visual Studio 15
VisualStudioVersion = 15.0.28307.572
MinimumVisualStudioVersion = 10.0.40219.1
Project("{FAE04EC0-301F-11D3-BF4B-00C04F79EFBC}") = "CustomerBankProject", "CustomerBankProject\CustomerBankProject.csproj", "{09037F03-3ADD-4051-B6E1-90869D20C0CF}"
EndProject
Global
	GlobalSection(SolutionConfigurationPlatforms) = preSolution
		Debug|Any CPU = Debug|Any CPU
		Release|Any CPU = Release|Any CPU
	EndGlobalSection
	GlobalSection(ProjectConfigurationPlatforms) = postSolution
		{09037F03-3ADD-4051-B6E1-90869D20C0CF}.Debug|Any CPU.ActiveCfg = Debug|Any CPU
		{09037F03-3ADD-4051-B6E1-90869D20C0CF}.Debug|Any CPU.Build.0 = Debug|Any CPU
		{09037F03-3ADD-4051-B6E1-90869D20C0CF}.Release|Any CPU.ActiveCfg = Release|Any CPU
		{09037F03-3ADD-4051-B6E1-90869D20C0CF}.Release|Any CPU.Build.0 = Release|Any CPU
	EndGlobalSection
	GlobalSection(SolutionProperties) = preSolution
		HideSolutionNode = FALSE
	EndGlobalSection
	GlobalSection(ExtensibilityGlobals) = postSolution
		SolutionGuid = {0F435BAE-C3C1-444A-830A-3F6EAF318C2D}
	EndGlobalSection
EndGlobal
